
Microsoft Visual Studio Solution File, Format Version 12.00
Project("{FAE04EC0-301F-11D3-BF4B-00C04F79EFBC}") = "FullstackAfiliados.Api", "src\FullstackAfiliados.Api\FullstackAfiliados.Api.csproj", "{7D187714-4577-4BBB-8107-8B9A54209A1F}"
EndProject
Project("{FAE04EC0-301F-11D3-BF4B-00C04F79EFBC}") = "FullstackAfiliados.Business", "src\FullstackAfiliados.Business\FullstackAfiliados.Business.csproj", "{D0BE8E8C-5CF6-4229-8AA6-A41260839A14}"
EndProject
Project("{FAE04EC0-301F-11D3-BF4B-00C04F79EFBC}") = "FullstackAfiliados.Data", "src\FullstackAfiliados.Data\FullstackAfiliados.Data.csproj", "{5D1BEE33-07A8-427D-98B0-BBFD23E7F009}"
EndProject
Project("{FAE04EC0-301F-11D3-BF4B-00C04F79EFBC}") = "FullstackAfiliados.Tests", "src\FullstackAfiliados.Tests\FullstackAfiliados.Tests.csproj", "{59C4EEDB-36E1-4B76-9C1B-A70D40B0B87A}"
EndProject
Global
	GlobalSection(SolutionConfigurationPlatforms) = preSolution
		Debug|Any CPU = Debug|Any CPU
		Release|Any CPU = Release|Any CPU
	EndGlobalSection
	GlobalSection(ProjectConfigurationPlatforms) = postSolution
		{7D187714-4577-4BBB-8107-8B9A54209A1F}.Debug|Any CPU.ActiveCfg = Debug|Any CPU
		{7D187714-4577-4BBB-8107-8B9A54209A1F}.Debug|Any CPU.Build.0 = Debug|Any CPU
		{7D187714-4577-4BBB-8107-8B9A54209A1F}.Release|Any CPU.ActiveCfg = Release|Any CPU
		{7D187714-4577-4BBB-8107-8B9A54209A1F}.Release|Any CPU.Build.0 = Release|Any CPU
		{D0BE8E8C-5CF6-4229-8AA6-A41260839A14}.Debug|Any CPU.ActiveCfg = Debug|Any CPU
		{D0BE8E8C-5CF6-4229-8AA6-A41260839A14}.Debug|Any CPU.Build.0 = Debug|Any CPU
		{D0BE8E8C-5CF6-4229-8AA6-A41260839A14}.Release|Any CPU.ActiveCfg = Release|Any CPU
		{D0BE8E8C-5CF6-4229-8AA6-A41260839A14}.Release|Any CPU.Build.0 = Release|Any CPU
		{5D1BEE33-07A8-427D-98B0-BBFD23E7F009}.Debug|Any CPU.ActiveCfg = Debug|Any CPU
		{5D1BEE33-07A8-427D-98B0-BBFD23E7F009}.Debug|Any CPU.Build.0 = Debug|Any CPU
		{5D1BEE33-07A8-427D-98B0-BBFD23E7F009}.Release|Any CPU.ActiveCfg = Release|Any CPU
		{5D1BEE33-07A8-427D-98B0-BBFD23E7F009}.Release|Any CPU.Build.0 = Release|Any CPU
		{59C4EEDB-36E1-4B76-9C1B-A70D40B0B87A}.Debug|Any CPU.ActiveCfg = Debug|Any CPU
		{59C4EEDB-36E1-4B76-9C1B-A70D40B0B87A}.Debug|Any CPU.Build.0 = Debug|Any CPU
		{59C4EEDB-36E1-4B76-9C1B-A70D40B0B87A}.Release|Any CPU.ActiveCfg = Release|Any CPU
		{59C4EEDB-36E1-4B76-9C1B-A70D40B0B87A}.Release|Any CPU.Build.0 = Release|Any CPU
	EndGlobalSection
EndGlobal
